// !$*UTF8*$!
{
	archiveVersion = 1;
	classes = {
	};
	objectVersion = 50;
	objects = {

/* Begin PBXBuildFile section */
		3BD4AC8875EB12CE640D3BD8 /* Pods_TestApp.framework in Frameworks */ = {isa = PBXBuildFile; fileRef = 1E1E990565B912E9B71FE88B /* Pods_TestApp.framework */; };
		B139703820DA3F64002D9DFC /* AppDelegate.swift in Sources */ = {isa = PBXBuildFile; fileRef = B139703720DA3F64002D9DFC /* AppDelegate.swift */; };
		B139703F20DA3F66002D9DFC /* Assets.xcassets in Resources */ = {isa = PBXBuildFile; fileRef = B139703E20DA3F66002D9DFC /* Assets.xcassets */; };
		B139704220DA3F66002D9DFC /* LaunchScreen.storyboard in Resources */ = {isa = PBXBuildFile; fileRef = B139704020DA3F66002D9DFC /* LaunchScreen.storyboard */; };
		B139704C20DA4666002D9DFC /* InterfaceController.swift in Sources */ = {isa = PBXBuildFile; fileRef = B139704B20DA4666002D9DFC /* InterfaceController.swift */; };
		B139704E20DA4FEB002D9DFC /* CommonConstants.swift in Sources */ = {isa = PBXBuildFile; fileRef = B139704D20DA4FEB002D9DFC /* CommonConstants.swift */; };
		B15715A220DE497600B37EE3 /* FriendInfoView.swift in Sources */ = {isa = PBXBuildFile; fileRef = B15715A120DE497600B37EE3 /* FriendInfoView.swift */; };
		B15715A520DE5D0500B37EE3 /* FriendActionsView.swift in Sources */ = {isa = PBXBuildFile; fileRef = B15715A420DE5D0500B37EE3 /* FriendActionsView.swift */; };
		B15715A720DE628F00B37EE3 /* SegmentedView.swift in Sources */ = {isa = PBXBuildFile; fileRef = B15715A620DE628F00B37EE3 /* SegmentedView.swift */; };
		B1E7394A20DC212400DD64C0 /* LoginController.swift in Sources */ = {isa = PBXBuildFile; fileRef = B1E7394920DC212400DD64C0 /* LoginController.swift */; };
		B1E7394C20DC298000DD64C0 /* LoginView.swift in Sources */ = {isa = PBXBuildFile; fileRef = B1E7394B20DC298000DD64C0 /* LoginView.swift */; };
		B1E7395220DC2C3400DD64C0 /* FriendsListController.swift in Sources */ = {isa = PBXBuildFile; fileRef = B1E7395120DC2C3400DD64C0 /* FriendsListController.swift */; };
		B1E7395520DC2C6300DD64C0 /* FriendsListView.swift in Sources */ = {isa = PBXBuildFile; fileRef = B1E7395420DC2C6300DD64C0 /* FriendsListView.swift */; };
		B1E7395820DC30CA00DD64C0 /* FriendsListViewModel.swift in Sources */ = {isa = PBXBuildFile; fileRef = B1E7395720DC30CA00DD64C0 /* FriendsListViewModel.swift */; };
		B1E7395A20DC320100DD64C0 /* FriendCell.swift in Sources */ = {isa = PBXBuildFile; fileRef = B1E7395920DC320100DD64C0 /* FriendCell.swift */; };
		B1E7395D20DC333D00DD64C0 /* UIColorExtension.swift in Sources */ = {isa = PBXBuildFile; fileRef = B1E7395C20DC333D00DD64C0 /* UIColorExtension.swift */; };
		B1E7395F20DC358500DD64C0 /* UITableViewCellExtension.swift in Sources */ = {isa = PBXBuildFile; fileRef = B1E7395E20DC358500DD64C0 /* UITableViewCellExtension.swift */; };
		B1E7397120DD54ED00DD64C0 /* FriendDetailController.swift in Sources */ = {isa = PBXBuildFile; fileRef = B1E7397020DD54ED00DD64C0 /* FriendDetailController.swift */; };
		B1E7397320DD54FE00DD64C0 /* FriendDetailView.swift in Sources */ = {isa = PBXBuildFile; fileRef = B1E7397220DD54FE00DD64C0 /* FriendDetailView.swift */; };
/* End PBXBuildFile section */

/* Begin PBXFileReference section */
		1E1E990565B912E9B71FE88B /* Pods_TestApp.framework */ = {isa = PBXFileReference; explicitFileType = wrapper.framework; includeInIndex = 0; path = Pods_TestApp.framework; sourceTree = BUILT_PRODUCTS_DIR; };
		B139703420DA3F64002D9DFC /* TestApp.app */ = {isa = PBXFileReference; explicitFileType = wrapper.application; includeInIndex = 0; path = TestApp.app; sourceTree = BUILT_PRODUCTS_DIR; };
		B139703720DA3F64002D9DFC /* AppDelegate.swift */ = {isa = PBXFileReference; lastKnownFileType = sourcecode.swift; path = AppDelegate.swift; sourceTree = "<group>"; };
		B139703E20DA3F66002D9DFC /* Assets.xcassets */ = {isa = PBXFileReference; lastKnownFileType = folder.assetcatalog; path = Assets.xcassets; sourceTree = "<group>"; };
		B139704120DA3F66002D9DFC /* Base */ = {isa = PBXFileReference; lastKnownFileType = file.storyboard; name = Base; path = Base.lproj/LaunchScreen.storyboard; sourceTree = "<group>"; };
		B139704320DA3F66002D9DFC /* Info.plist */ = {isa = PBXFileReference; lastKnownFileType = text.plist.xml; path = Info.plist; sourceTree = "<group>"; };
		B139704B20DA4666002D9DFC /* InterfaceController.swift */ = {isa = PBXFileReference; lastKnownFileType = sourcecode.swift; path = InterfaceController.swift; sourceTree = "<group>"; };
		B139704D20DA4FEB002D9DFC /* CommonConstants.swift */ = {isa = PBXFileReference; lastKnownFileType = sourcecode.swift; path = CommonConstants.swift; sourceTree = "<group>"; };
		B15715A120DE497600B37EE3 /* FriendInfoView.swift */ = {isa = PBXFileReference; lastKnownFileType = sourcecode.swift; path = FriendInfoView.swift; sourceTree = "<group>"; };
		B15715A420DE5D0500B37EE3 /* FriendActionsView.swift */ = {isa = PBXFileReference; lastKnownFileType = sourcecode.swift; path = FriendActionsView.swift; sourceTree = "<group>"; };
		B15715A620DE628F00B37EE3 /* SegmentedView.swift */ = {isa = PBXFileReference; lastKnownFileType = sourcecode.swift; path = SegmentedView.swift; sourceTree = "<group>"; };
		B1E7394920DC212400DD64C0 /* LoginController.swift */ = {isa = PBXFileReference; lastKnownFileType = sourcecode.swift; path = LoginController.swift; sourceTree = "<group>"; };
		B1E7394B20DC298000DD64C0 /* LoginView.swift */ = {isa = PBXFileReference; lastKnownFileType = sourcecode.swift; path = LoginView.swift; sourceTree = "<group>"; };
		B1E7395120DC2C3400DD64C0 /* FriendsListController.swift */ = {isa = PBXFileReference; lastKnownFileType = sourcecode.swift; path = FriendsListController.swift; sourceTree = "<group>"; };
		B1E7395420DC2C6300DD64C0 /* FriendsListView.swift */ = {isa = PBXFileReference; lastKnownFileType = sourcecode.swift; path = FriendsListView.swift; sourceTree = "<group>"; };
		B1E7395720DC30CA00DD64C0 /* FriendsListViewModel.swift */ = {isa = PBXFileReference; lastKnownFileType = sourcecode.swift; path = FriendsListViewModel.swift; sourceTree = "<group>"; };
		B1E7395920DC320100DD64C0 /* FriendCell.swift */ = {isa = PBXFileReference; lastKnownFileType = sourcecode.swift; path = FriendCell.swift; sourceTree = "<group>"; };
		B1E7395C20DC333D00DD64C0 /* UIColorExtension.swift */ = {isa = PBXFileReference; lastKnownFileType = sourcecode.swift; path = UIColorExtension.swift; sourceTree = "<group>"; };
		B1E7395E20DC358500DD64C0 /* UITableViewCellExtension.swift */ = {isa = PBXFileReference; lastKnownFileType = sourcecode.swift; path = UITableViewCellExtension.swift; sourceTree = "<group>"; };
		B1E7397020DD54ED00DD64C0 /* FriendDetailController.swift */ = {isa = PBXFileReference; lastKnownFileType = sourcecode.swift; path = FriendDetailController.swift; sourceTree = "<group>"; };
		B1E7397220DD54FE00DD64C0 /* FriendDetailView.swift */ = {isa = PBXFileReference; lastKnownFileType = sourcecode.swift; path = FriendDetailView.swift; sourceTree = "<group>"; };
		C4323ED67365694BAA1F13BF /* Pods-TestApp.debug.xcconfig */ = {isa = PBXFileReference; includeInIndex = 1; lastKnownFileType = text.xcconfig; name = "Pods-TestApp.debug.xcconfig"; path = "Pods/Target Support Files/Pods-TestApp/Pods-TestApp.debug.xcconfig"; sourceTree = "<group>"; };
		EF965CF06C04D5C8C07DB661 /* Pods-TestApp.release.xcconfig */ = {isa = PBXFileReference; includeInIndex = 1; lastKnownFileType = text.xcconfig; name = "Pods-TestApp.release.xcconfig"; path = "Pods/Target Support Files/Pods-TestApp/Pods-TestApp.release.xcconfig"; sourceTree = "<group>"; };
/* End PBXFileReference section */

/* Begin PBXFrameworksBuildPhase section */
		B139703120DA3F64002D9DFC /* Frameworks */ = {
			isa = PBXFrameworksBuildPhase;
			buildActionMask = 2147483647;
			files = (
				3BD4AC8875EB12CE640D3BD8 /* Pods_TestApp.framework in Frameworks */,
			);
			runOnlyForDeploymentPostprocessing = 0;
		};
/* End PBXFrameworksBuildPhase section */

/* Begin PBXGroup section */
		3DCFBAA4CAB364C23B75E909 /* Frameworks */ = {
			isa = PBXGroup;
			children = (
				1E1E990565B912E9B71FE88B /* Pods_TestApp.framework */,
			);
			name = Frameworks;
			sourceTree = "<group>";
		};
		B139702B20DA3F63002D9DFC = {
			isa = PBXGroup;
			children = (
				B139703620DA3F64002D9DFC /* TestApp */,
				B139703520DA3F64002D9DFC /* Products */,
				ED269AD7C8174FCBD45FB830 /* Pods */,
				3DCFBAA4CAB364C23B75E909 /* Frameworks */,
			);
			sourceTree = "<group>";
		};
		B139703520DA3F64002D9DFC /* Products */ = {
			isa = PBXGroup;
			children = (
				B139703420DA3F64002D9DFC /* TestApp.app */,
			);
			name = Products;
			sourceTree = "<group>";
		};
		B139703620DA3F64002D9DFC /* TestApp */ = {
			isa = PBXGroup;
			children = (
				B1E7395B20DC332D00DD64C0 /* Extensions */,
				B139704A20DA43A1002D9DFC /* Core */,
				B139704920DA4394002D9DFC /* Stories */,
				B139703720DA3F64002D9DFC /* AppDelegate.swift */,
				B139703E20DA3F66002D9DFC /* Assets.xcassets */,
				B139704020DA3F66002D9DFC /* LaunchScreen.storyboard */,
				B139704320DA3F66002D9DFC /* Info.plist */,
			);
			path = TestApp;
			sourceTree = "<group>";
		};
		B139704920DA4394002D9DFC /* Stories */ = {
			isa = PBXGroup;
			children = (
				B1E7396E20DD54CC00DD64C0 /* FriendDetail */,
				B1E7395020DC2C1A00DD64C0 /* FriendsList */,
				B1E7394820DC210D00DD64C0 /* Login */,
			);
			path = Stories;
			sourceTree = "<group>";
		};
		B139704A20DA43A1002D9DFC /* Core */ = {
			isa = PBXGroup;
			children = (
				B1E7396020DC3E5D00DD64C0 /* Models */,
				B139704B20DA4666002D9DFC /* InterfaceController.swift */,
				B139704D20DA4FEB002D9DFC /* CommonConstants.swift */,
			);
			path = Core;
			sourceTree = "<group>";
		};
		B1E7394820DC210D00DD64C0 /* Login */ = {
			isa = PBXGroup;
			children = (
				B1E7394D20DC2A2500DD64C0 /* Views */,
				B1E7394920DC212400DD64C0 /* LoginController.swift */,
			);
			path = Login;
			sourceTree = "<group>";
		};
		B1E7394D20DC2A2500DD64C0 /* Views */ = {
			isa = PBXGroup;
			children = (
				B1E7394B20DC298000DD64C0 /* LoginView.swift */,
			);
			path = Views;
			sourceTree = "<group>";
		};
		B1E7395020DC2C1A00DD64C0 /* FriendsList */ = {
			isa = PBXGroup;
			children = (
				B1E7395620DC30B500DD64C0 /* ViewModel */,
				B1E7395320DC2C5400DD64C0 /* Views */,
				B1E7395120DC2C3400DD64C0 /* FriendsListController.swift */,
			);
			path = FriendsList;
			sourceTree = "<group>";
		};
		B1E7395320DC2C5400DD64C0 /* Views */ = {
			isa = PBXGroup;
			children = (
				B1E7395420DC2C6300DD64C0 /* FriendsListView.swift */,
				B1E7395920DC320100DD64C0 /* FriendCell.swift */,
			);
			path = Views;
			sourceTree = "<group>";
		};
		B1E7395620DC30B500DD64C0 /* ViewModel */ = {
			isa = PBXGroup;
			children = (
				B1E7395720DC30CA00DD64C0 /* FriendsListViewModel.swift */,
			);
			path = ViewModel;
			sourceTree = "<group>";
		};
		B1E7395B20DC332D00DD64C0 /* Extensions */ = {
			isa = PBXGroup;
			children = (
				B1E7395C20DC333D00DD64C0 /* UIColorExtension.swift */,
				B1E7395E20DC358500DD64C0 /* UITableViewCellExtension.swift */,
			);
			path = Extensions;
			sourceTree = "<group>";
		};
		B1E7396020DC3E5D00DD64C0 /* Models */ = {
			isa = PBXGroup;
			children = (
			);
			path = Models;
			sourceTree = "<group>";
		};
		B1E7396E20DD54CC00DD64C0 /* FriendDetail */ = {
			isa = PBXGroup;
			children = (
				B1E7396F20DD54DA00DD64C0 /* Views */,
				B1E7397020DD54ED00DD64C0 /* FriendDetailController.swift */,
			);
			path = FriendDetail;
			sourceTree = "<group>";
		};
		B1E7396F20DD54DA00DD64C0 /* Views */ = {
			isa = PBXGroup;
			children = (
				B1E7397220DD54FE00DD64C0 /* FriendDetailView.swift */,
				B15715A120DE497600B37EE3 /* FriendInfoView.swift */,
				B15715A420DE5D0500B37EE3 /* FriendActionsView.swift */,
				B15715A620DE628F00B37EE3 /* SegmentedView.swift */,
			);
			path = Views;
			sourceTree = "<group>";
		};
		ED269AD7C8174FCBD45FB830 /* Pods */ = {
			isa = PBXGroup;
			children = (
				C4323ED67365694BAA1F13BF /* Pods-TestApp.debug.xcconfig */,
				EF965CF06C04D5C8C07DB661 /* Pods-TestApp.release.xcconfig */,
			);
			name = Pods;
			sourceTree = "<group>";
		};
/* End PBXGroup section */

/* Begin PBXNativeTarget section */
		B139703320DA3F64002D9DFC /* TestApp */ = {
			isa = PBXNativeTarget;
			buildConfigurationList = B139704620DA3F66002D9DFC /* Build configuration list for PBXNativeTarget "TestApp" */;
			buildPhases = (
				58F9253036744F124601F10C /* [CP] Check Pods Manifest.lock */,
				B139703020DA3F64002D9DFC /* Sources */,
				B139703120DA3F64002D9DFC /* Frameworks */,
				B139703220DA3F64002D9DFC /* Resources */,
				C26F66C62A32CAC947B84C4A /* [CP] Embed Pods Frameworks */,
			);
			buildRules = (
			);
			dependencies = (
			);
			name = TestApp;
			productName = TestApp;
			productReference = B139703420DA3F64002D9DFC /* TestApp.app */;
			productType = "com.apple.product-type.application";
		};
/* End PBXNativeTarget section */

/* Begin PBXProject section */
		B139702C20DA3F63002D9DFC /* Project object */ = {
			isa = PBXProject;
			attributes = {
				LastSwiftUpdateCheck = 0930;
				LastUpgradeCheck = 0930;
				ORGANIZATIONNAME = HOME;
				TargetAttributes = {
					B139703320DA3F64002D9DFC = {
						CreatedOnToolsVersion = 9.3;
					};
				};
			};
			buildConfigurationList = B139702F20DA3F64002D9DFC /* Build configuration list for PBXProject "TestApp" */;
			compatibilityVersion = "Xcode 9.3";
			developmentRegion = en;
			hasScannedForEncodings = 0;
			knownRegions = (
				en,
				Base,
			);
			mainGroup = B139702B20DA3F63002D9DFC;
			productRefGroup = B139703520DA3F64002D9DFC /* Products */;
			projectDirPath = "";
			projectRoot = "";
			targets = (
				B139703320DA3F64002D9DFC /* TestApp */,
			);
		};
/* End PBXProject section */

/* Begin PBXResourcesBuildPhase section */
		B139703220DA3F64002D9DFC /* Resources */ = {
			isa = PBXResourcesBuildPhase;
			buildActionMask = 2147483647;
			files = (
				B139704220DA3F66002D9DFC /* LaunchScreen.storyboard in Resources */,
				B139703F20DA3F66002D9DFC /* Assets.xcassets in Resources */,
			);
			runOnlyForDeploymentPostprocessing = 0;
		};
/* End PBXResourcesBuildPhase section */

/* Begin PBXShellScriptBuildPhase section */
		58F9253036744F124601F10C /* [CP] Check Pods Manifest.lock */ = {
			isa = PBXShellScriptBuildPhase;
			buildActionMask = 2147483647;
			files = (
			);
			inputPaths = (
				"${PODS_PODFILE_DIR_PATH}/Podfile.lock",
				"${PODS_ROOT}/Manifest.lock",
			);
			name = "[CP] Check Pods Manifest.lock";
			outputPaths = (
				"$(DERIVED_FILE_DIR)/Pods-TestApp-checkManifestLockResult.txt",
			);
			runOnlyForDeploymentPostprocessing = 0;
			shellPath = /bin/sh;
			shellScript = "diff \"${PODS_PODFILE_DIR_PATH}/Podfile.lock\" \"${PODS_ROOT}/Manifest.lock\" > /dev/null\nif [ $? != 0 ] ; then\n    # print error to STDERR\n    echo \"error: The sandbox is not in sync with the Podfile.lock. Run 'pod install' or update your CocoaPods installation.\" >&2\n    exit 1\nfi\n# This output is used by Xcode 'outputs' to avoid re-running this script phase.\necho \"SUCCESS\" > \"${SCRIPT_OUTPUT_FILE_0}\"\n";
			showEnvVarsInLog = 0;
		};
		C26F66C62A32CAC947B84C4A /* [CP] Embed Pods Frameworks */ = {
			isa = PBXShellScriptBuildPhase;
			buildActionMask = 2147483647;
			files = (
			);
			inputPaths = (
				"${SRCROOT}/Pods/Target Support Files/Pods-TestApp/Pods-TestApp-frameworks.sh",
				"${BUILT_PRODUCTS_DIR}/Differentiator/Differentiator.framework",
				"${BUILT_PRODUCTS_DIR}/RxCocoa/RxCocoa.framework",
				"${BUILT_PRODUCTS_DIR}/RxDataSources/RxDataSources.framework",
				"${BUILT_PRODUCTS_DIR}/RxSwift/RxSwift.framework",
				"${BUILT_PRODUCTS_DIR}/SDWebImage/SDWebImage.framework",
				"${BUILT_PRODUCTS_DIR}/SVPullToRefresh/SVPullToRefresh.framework",
				"${BUILT_PRODUCTS_DIR}/SnapKit/SnapKit.framework",
				"${BUILT_PRODUCTS_DIR}/VK-ios-sdk/VK_ios_sdk.framework",
			);
			name = "[CP] Embed Pods Frameworks";
			outputPaths = (
				"${TARGET_BUILD_DIR}/${FRAMEWORKS_FOLDER_PATH}/Differentiator.framework",
				"${TARGET_BUILD_DIR}/${FRAMEWORKS_FOLDER_PATH}/RxCocoa.framework",
				"${TARGET_BUILD_DIR}/${FRAMEWORKS_FOLDER_PATH}/RxDataSources.framework",
				"${TARGET_BUILD_DIR}/${FRAMEWORKS_FOLDER_PATH}/RxSwift.framework",
				"${TARGET_BUILD_DIR}/${FRAMEWORKS_FOLDER_PATH}/SDWebImage.framework",
				"${TARGET_BUILD_DIR}/${FRAMEWORKS_FOLDER_PATH}/SVPullToRefresh.framework",
				"${TARGET_BUILD_DIR}/${FRAMEWORKS_FOLDER_PATH}/SnapKit.framework",
				"${TARGET_BUILD_DIR}/${FRAMEWORKS_FOLDER_PATH}/VK_ios_sdk.framework",
			);
			runOnlyForDeploymentPostprocessing = 0;
			shellPath = /bin/sh;
			shellScript = "\"${SRCROOT}/Pods/Target Support Files/Pods-TestApp/Pods-TestApp-frameworks.sh\"\n";
			showEnvVarsInLog = 0;
		};
/* End PBXShellScriptBuildPhase section */

/* Begin PBXSourcesBuildPhase section */
		B139703020DA3F64002D9DFC /* Sources */ = {
			isa = PBXSourcesBuildPhase;
			buildActionMask = 2147483647;
			files = (
				B1E7395820DC30CA00DD64C0 /* FriendsListViewModel.swift in Sources */,
				B139703820DA3F64002D9DFC /* AppDelegate.swift in Sources */,
				B1E7397120DD54ED00DD64C0 /* FriendDetailController.swift in Sources */,
				B1E7394A20DC212400DD64C0 /* LoginController.swift in Sources */,
				B139704E20DA4FEB002D9DFC /* CommonConstants.swift in Sources */,
				B15715A720DE628F00B37EE3 /* SegmentedView.swift in Sources */,
				B1E7395A20DC320100DD64C0 /* FriendCell.swift in Sources */,
				B15715A220DE497600B37EE3 /* FriendInfoView.swift in Sources */,
				B1E7395520DC2C6300DD64C0 /* FriendsListView.swift in Sources */,
				B1E7395220DC2C3400DD64C0 /* FriendsListController.swift in Sources */,
				B1E7395D20DC333D00DD64C0 /* UIColorExtension.swift in Sources */,
				B1E7394C20DC298000DD64C0 /* LoginView.swift in Sources */,
				B1E7397320DD54FE00DD64C0 /* FriendDetailView.swift in Sources */,
				B139704C20DA4666002D9DFC /* InterfaceController.swift in Sources */,
				B1E7395F20DC358500DD64C0 /* UITableViewCellExtension.swift in Sources */,
				B15715A520DE5D0500B37EE3 /* FriendActionsView.swift in Sources */,
			);
			runOnlyForDeploymentPostprocessing = 0;
		};
/* End PBXSourcesBuildPhase section */

/* Begin PBXVariantGroup section */
		B139704020DA3F66002D9DFC /* LaunchScreen.storyboard */ = {
			isa = PBXVariantGroup;
			children = (
				B139704120DA3F66002D9DFC /* Base */,
			);
			name = LaunchScreen.storyboard;
			sourceTree = "<group>";
		};
/* End PBXVariantGroup section */

/* Begin XCBuildConfiguration section */
		B139704420DA3F66002D9DFC /* Debug */ = {
			isa = XCBuildConfiguration;
			buildSettings = {
				ALWAYS_SEARCH_USER_PATHS = NO;
				CLANG_ANALYZER_NONNULL = YES;
				CLANG_ANALYZER_NUMBER_OBJECT_CONVERSION = YES_AGGRESSIVE;
				CLANG_CXX_LANGUAGE_STANDARD = "gnu++14";
				CLANG_CXX_LIBRARY = "libc++";
				CLANG_ENABLE_MODULES = YES;
				CLANG_ENABLE_OBJC_ARC = YES;
				CLANG_ENABLE_OBJC_WEAK = YES;
				CLANG_WARN_BLOCK_CAPTURE_AUTORELEASING = YES;
				CLANG_WARN_BOOL_CONVERSION = YES;
				CLANG_WARN_COMMA = YES;
				CLANG_WARN_CONSTANT_CONVERSION = YES;
				CLANG_WARN_DEPRECATED_OBJC_IMPLEMENTATIONS = YES;
				CLANG_WARN_DIRECT_OBJC_ISA_USAGE = YES_ERROR;
				CLANG_WARN_DOCUMENTATION_COMMENTS = YES;
				CLANG_WARN_EMPTY_BODY = YES;
				CLANG_WARN_ENUM_CONVERSION = YES;
				CLANG_WARN_INFINITE_RECURSION = YES;
				CLANG_WARN_INT_CONVERSION = YES;
				CLANG_WARN_NON_LITERAL_NULL_CONVERSION = YES;
				CLANG_WARN_OBJC_IMPLICIT_RETAIN_SELF = YES;
				CLANG_WARN_OBJC_LITERAL_CONVERSION = YES;
				CLANG_WARN_OBJC_ROOT_CLASS = YES_ERROR;
				CLANG_WARN_RANGE_LOOP_ANALYSIS = YES;
				CLANG_WARN_STRICT_PROTOTYPES = YES;
				CLANG_WARN_SUSPICIOUS_MOVE = YES;
				CLANG_WARN_UNGUARDED_AVAILABILITY = YES_AGGRESSIVE;
				CLANG_WARN_UNREACHABLE_CODE = YES;
				CLANG_WARN__DUPLICATE_METHOD_MATCH = YES;
				CODE_SIGN_IDENTITY = "iPhone Developer";
				COPY_PHASE_STRIP = NO;
				DEBUG_INFORMATION_FORMAT = dwarf;
				ENABLE_STRICT_OBJC_MSGSEND = YES;
				ENABLE_TESTABILITY = YES;
				GCC_C_LANGUAGE_STANDARD = gnu11;
				GCC_DYNAMIC_NO_PIC = NO;
				GCC_NO_COMMON_BLOCKS = YES;
				GCC_OPTIMIZATION_LEVEL = 0;
				GCC_PREPROCESSOR_DEFINITIONS = (
					"DEBUG=1",
					"$(inherited)",
				);
				GCC_WARN_64_TO_32_BIT_CONVERSION = YES;
				GCC_WARN_ABOUT_RETURN_TYPE = YES_ERROR;
				GCC_WARN_UNDECLARED_SELECTOR = YES;
				GCC_WARN_UNINITIALIZED_AUTOS = YES_AGGRESSIVE;
				GCC_WARN_UNUSED_FUNCTION = YES;
				GCC_WARN_UNUSED_VARIABLE = YES;
				IPHONEOS_DEPLOYMENT_TARGET = 11.3;
				MTL_ENABLE_DEBUG_INFO = YES;
				ONLY_ACTIVE_ARCH = YES;
				SDKROOT = iphoneos;
				SWIFT_ACTIVE_COMPILATION_CONDITIONS = DEBUG;
				SWIFT_OPTIMIZATION_LEVEL = "-Onone";
			};
			name = Debug;
		};
		B139704520DA3F66002D9DFC /* Release */ = {
			isa = XCBuildConfiguration;
			buildSettings = {
				ALWAYS_SEARCH_USER_PATHS = NO;
				CLANG_ANALYZER_NONNULL = YES;
				CLANG_ANALYZER_NUMBER_OBJECT_CONVERSION = YES_AGGRESSIVE;
				CLANG_CXX_LANGUAGE_STANDARD = "gnu++14";
				CLANG_CXX_LIBRARY = "libc++";
				CLANG_ENABLE_MODULES = YES;
				CLANG_ENABLE_OBJC_ARC = YES;
				CLANG_ENABLE_OBJC_WEAK = YES;
				CLANG_WARN_BLOCK_CAPTURE_AUTORELEASING = YES;
				CLANG_WARN_BOOL_CONVERSION = YES;
				CLANG_WARN_COMMA = YES;
				CLANG_WARN_CONSTANT_CONVERSION = YES;
				CLANG_WARN_DEPRECATED_OBJC_IMPLEMENTATIONS = YES;
				CLANG_WARN_DIRECT_OBJC_ISA_USAGE = YES_ERROR;
				CLANG_WARN_DOCUMENTATION_COMMENTS = YES;
				CLANG_WARN_EMPTY_BODY = YES;
				CLANG_WARN_ENUM_CONVERSION = YES;
				CLANG_WARN_INFINITE_RECURSION = YES;
				CLANG_WARN_INT_CONVERSION = YES;
				CLANG_WARN_NON_LITERAL_NULL_CONVERSION = YES;
				CLANG_WARN_OBJC_IMPLICIT_RETAIN_SELF = YES;
				CLANG_WARN_OBJC_LITERAL_CONVERSION = YES;
				CLANG_WARN_OBJC_ROOT_CLASS = YES_ERROR;
				CLANG_WARN_RANGE_LOOP_ANALYSIS = YES;
				CLANG_WARN_STRICT_PROTOTYPES = YES;
				CLANG_WARN_SUSPICIOUS_MOVE = YES;
				CLANG_WARN_UNGUARDED_AVAILABILITY = YES_AGGRESSIVE;
				CLANG_WARN_UNREACHABLE_CODE = YES;
				CLANG_WARN__DUPLICATE_METHOD_MATCH = YES;
				CODE_SIGN_IDENTITY = "iPhone Developer";
				COPY_PHASE_STRIP = NO;
				DEBUG_INFORMATION_FORMAT = "dwarf-with-dsym";
				ENABLE_NS_ASSERTIONS = NO;
				ENABLE_STRICT_OBJC_MSGSEND = YES;
				GCC_C_LANGUAGE_STANDARD = gnu11;
				GCC_NO_COMMON_BLOCKS = YES;
				GCC_WARN_64_TO_32_BIT_CONVERSION = YES;
				GCC_WARN_ABOUT_RETURN_TYPE = YES_ERROR;
				GCC_WARN_UNDECLARED_SELECTOR = YES;
				GCC_WARN_UNINITIALIZED_AUTOS = YES_AGGRESSIVE;
				GCC_WARN_UNUSED_FUNCTION = YES;
				GCC_WARN_UNUSED_VARIABLE = YES;
				IPHONEOS_DEPLOYMENT_TARGET = 11.3;
				MTL_ENABLE_DEBUG_INFO = NO;
				SDKROOT = iphoneos;
				SWIFT_COMPILATION_MODE = wholemodule;
				SWIFT_OPTIMIZATION_LEVEL = "-O";
				VALIDATE_PRODUCT = YES;
			};
			name = Release;
		};
		B139704720DA3F66002D9DFC /* Debug */ = {
			isa = XCBuildConfiguration;
			baseConfigurationReference = C4323ED67365694BAA1F13BF /* Pods-TestApp.debug.xcconfig */;
			buildSettings = {
				ASSETCATALOG_COMPILER_APPICON_NAME = AppIcon;
				CODE_SIGN_STYLE = Automatic;
				INFOPLIST_FILE = TestApp/Info.plist;
				IPHONEOS_DEPLOYMENT_TARGET = 10.0;
				LD_RUNPATH_SEARCH_PATHS = (
					"$(inherited)",
					"@executable_path/Frameworks",
				);
				PRODUCT_BUNDLE_IDENTIFIER = com.vk.friends.TestApp;
				PRODUCT_NAME = "$(TARGET_NAME)";
				SWIFT_VERSION = 4.0;
				TARGETED_DEVICE_FAMILY = 1;
			};
			name = Debug;
		};
		B139704820DA3F66002D9DFC /* Release */ = {
			isa = XCBuildConfiguration;
			baseConfigurationReference = EF965CF06C04D5C8C07DB661 /* Pods-TestApp.release.xcconfig */;
			buildSettings = {
				ASSETCATALOG_COMPILER_APPICON_NAME = AppIcon;
				CODE_SIGN_STYLE = Automatic;
				INFOPLIST_FILE = TestApp/Info.plist;
				IPHONEOS_DEPLOYMENT_TARGET = 10.0;
				LD_RUNPATH_SEARCH_PATHS = (
					"$(inherited)",
					"@executable_path/Frameworks",
				);
				PRODUCT_BUNDLE_IDENTIFIER = com.vk.friends.TestApp;
				PRODUCT_NAME = "$(TARGET_NAME)";
				SWIFT_VERSION = 4.0;
				TARGETED_DEVICE_FAMILY = 1;
			};
			name = Release;
		};
/* End XCBuildConfiguration section */

/* Begin XCConfigurationList section */
		B139702F20DA3F64002D9DFC /* Build configuration list for PBXProject "TestApp" */ = {
			isa = XCConfigurationList;
			buildConfigurations = (
				B139704420DA3F66002D9DFC /* Debug */,
				B139704520DA3F66002D9DFC /* Release */,
			);
			defaultConfigurationIsVisible = 0;
			defaultConfigurationName = Release;
		};
		B139704620DA3F66002D9DFC /* Build configuration list for PBXNativeTarget "TestApp" */ = {
			isa = XCConfigurationList;
			buildConfigurations = (
				B139704720DA3F66002D9DFC /* Debug */,
				B139704820DA3F66002D9DFC /* Release */,
			);
			defaultConfigurationIsVisible = 0;
			defaultConfigurationName = Release;
		};
/* End XCConfigurationList section */
	};
	rootObject = B139702C20DA3F63002D9DFC /* Project object */;
}
